PODS:
  - Flutter (1.0.0)
  - uipickers (0.0.1):
    - Flutter

DEPENDENCIES:
  - Flutter (from `Flutter`)
  - uipickers (from `.symlinks/plugins/uipickers/ios`)

EXTERNAL SOURCES:
  Flutter:
    :path: Flutter
  uipickers:
    :path: ".symlinks/plugins/uipickers/ios"

SPEC CHECKSUMS:
  Flutter: e0871f40cf51350855a761d2e70bf5af5b9b5de7
  uipickers: a6a41c46f604d42d05cfb364788caa8d17d3bdc0

PODFILE CHECKSUM: c4c93c5f6502fe2754f48404d3594bf779584011

COCOAPODS: 1.16.2
